// !$*UTF8*$!
{
	archiveVersion = 1;
	classes = {
	};
	objectVersion = 46;
	objects = {

/* Begin PBXBuildFile section */
		5D797BB41D3F842800096B78 /* AppDelegate.swift in Sources */ = {isa = PBXBuildFile; fileRef = 5D797BB31D3F842800096B78 /* AppDelegate.swift */; };
		5D797BB61D3F842800096B78 /* Assets.xcassets in Resources */ = {isa = PBXBuildFile; fileRef = 5D797BB51D3F842800096B78 /* Assets.xcassets */; };
		5D797BB91D3F842800096B78 /* MainMenu.xib in Resources */ = {isa = PBXBuildFile; fileRef = 5D797BB71D3F842800096B78 /* MainMenu.xib */; };
		5D80DEA61D406AA00071D89B /* Core.swift in Sources */ = {isa = PBXBuildFile; fileRef = 5D80DEA51D406AA00071D89B /* Core.swift */; };
		5D80DEA81D406ACB0071D89B /* Conversion.swift in Sources */ = {isa = PBXBuildFile; fileRef = 5D80DEA71D406ACB0071D89B /* Conversion.swift */; };
/* End PBXBuildFile section */

/* Begin PBXFileReference section */
		5D797BB01D3F842800096B78 /* MenuStorage.app */ = {isa = PBXFileReference; explicitFileType = wrapper.application; includeInIndex = 0; path = MenuStorage.app; sourceTree = BUILT_PRODUCTS_DIR; };
		5D797BB31D3F842800096B78 /* AppDelegate.swift */ = {isa = PBXFileReference; lastKnownFileType = sourcecode.swift; path = AppDelegate.swift; sourceTree = "<group>"; };
		5D797BB51D3F842800096B78 /* Assets.xcassets */ = {isa = PBXFileReference; lastKnownFileType = folder.assetcatalog; path = Assets.xcassets; sourceTree = "<group>"; };
		5D797BB81D3F842800096B78 /* Base */ = {isa = PBXFileReference; lastKnownFileType = file.xib; name = Base; path = Base.lproj/MainMenu.xib; sourceTree = "<group>"; };
		5D797BBA1D3F842800096B78 /* Info.plist */ = {isa = PBXFileReference; lastKnownFileType = text.plist.xml; path = Info.plist; sourceTree = "<group>"; };
		5D80DEA51D406AA00071D89B /* Core.swift */ = {isa = PBXFileReference; fileEncoding = 4; lastKnownFileType = sourcecode.swift; path = Core.swift; sourceTree = "<group>"; };
		5D80DEA71D406ACB0071D89B /* Conversion.swift */ = {isa = PBXFileReference; fileEncoding = 4; lastKnownFileType = sourcecode.swift; path = Conversion.swift; sourceTree = "<group>"; };
/* End PBXFileReference section */

/* Begin PBXFrameworksBuildPhase section */
		5D797BAD1D3F842800096B78 /* Frameworks */ = {
			isa = PBXFrameworksBuildPhase;
			buildActionMask = 2147483647;
			files = (
			);
			runOnlyForDeploymentPostprocessing = 0;
		};
/* End PBXFrameworksBuildPhase section */

/* Begin PBXGroup section */
		5D797BA71D3F842800096B78 = {
			isa = PBXGroup;
			children = (
				5D797BB21D3F842800096B78 /* MenuStorage */,
				5D797BB11D3F842800096B78 /* Products */,
			);
			sourceTree = "<group>";
		};
		5D797BB11D3F842800096B78 /* Products */ = {
			isa = PBXGroup;
			children = (
				5D797BB01D3F842800096B78 /* MenuStorage.app */,
			);
			name = Products;
			sourceTree = "<group>";
		};
		5D797BB21D3F842800096B78 /* MenuStorage */ = {
			isa = PBXGroup;
			children = (
				5D80DEA41D406A8C0071D89B /* Helpers */,
				5D797BB31D3F842800096B78 /* AppDelegate.swift */,
				5D797BB51D3F842800096B78 /* Assets.xcassets */,
				5D797BB71D3F842800096B78 /* MainMenu.xib */,
				5D797BBA1D3F842800096B78 /* Info.plist */,
			);
			path = MenuStorage;
			sourceTree = "<group>";
		};
		5D80DEA41D406A8C0071D89B /* Helpers */ = {
			isa = PBXGroup;
			children = (
				5D80DEA51D406AA00071D89B /* Core.swift */,
				5D80DEA71D406ACB0071D89B /* Conversion.swift */,
			);
			name = Helpers;
			sourceTree = "<group>";
		};
/* End PBXGroup section */

/* Begin PBXNativeTarget section */
		5D797BAF1D3F842800096B78 /* MenuStorage */ = {
			isa = PBXNativeTarget;
			buildConfigurationList = 5D797BBD1D3F842800096B78 /* Build configuration list for PBXNativeTarget "MenuStorage" */;
			buildPhases = (
				5D797BAC1D3F842800096B78 /* Sources */,
				5D797BAD1D3F842800096B78 /* Frameworks */,
				5D797BAE1D3F842800096B78 /* Resources */,
			);
			buildRules = (
			);
			dependencies = (
			);
			name = MenuStorage;
			productName = MenuStorage;
			productReference = 5D797BB01D3F842800096B78 /* MenuStorage.app */;
			productType = "com.apple.product-type.application";
		};
/* End PBXNativeTarget section */

/* Begin PBXProject section */
		5D797BA81D3F842800096B78 /* Project object */ = {
			isa = PBXProject;
			attributes = {
				LastSwiftUpdateCheck = 0730;
				LastUpgradeCheck = 0730;
				ORGANIZATIONNAME = "Joel Male";
				TargetAttributes = {
					5D797BAF1D3F842800096B78 = {
						CreatedOnToolsVersion = 7.3.1;
					};
				};
			};
			buildConfigurationList = 5D797BAB1D3F842800096B78 /* Build configuration list for PBXProject "MenuStorage" */;
			compatibilityVersion = "Xcode 3.2";
			developmentRegion = English;
			hasScannedForEncodings = 0;
			knownRegions = (
				en,
				Base,
			);
			mainGroup = 5D797BA71D3F842800096B78;
			productRefGroup = 5D797BB11D3F842800096B78 /* Products */;
			projectDirPath = "";
			projectRoot = "";
			targets = (
				5D797BAF1D3F842800096B78 /* MenuStorage */,
			);
		};
/* End PBXProject section */

/* Begin PBXResourcesBuildPhase section */
		5D797BAE1D3F842800096B78 /* Resources */ = {
			isa = PBXResourcesBuildPhase;
			buildActionMask = 2147483647;
			files = (
				5D797BB61D3F842800096B78 /* Assets.xcassets in Resources */,
				5D797BB91D3F842800096B78 /* MainMenu.xib in Resources */,
			);
			runOnlyForDeploymentPostprocessing = 0;
		};
/* End PBXResourcesBuildPhase section */

/* Begin PBXSourcesBuildPhase section */
		5D797BAC1D3F842800096B78 /* Sources */ = {
			isa = PBXSourcesBuildPhase;
			buildActionMask = 2147483647;
			files = (
				5D80DEA81D406ACB0071D89B /* Conversion.swift in Sources */,
				5D80DEA61D406AA00071D89B /* Core.swift in Sources */,
				5D797BB41D3F842800096B78 /* AppDelegate.swift in Sources */,
			);
			runOnlyForDeploymentPostprocessing = 0;
		};
/* End PBXSourcesBuildPhase section */

/* Begin PBXVariantGroup section */
		5D797BB71D3F842800096B78 /* MainMenu.xib */ = {
			isa = PBXVariantGroup;
			children = (
				5D797BB81D3F842800096B78 /* Base */,
			);
			name = MainMenu.xib;
			sourceTree = "<group>";
		};
/* End PBXVariantGroup section */

/* Begin XCBuildConfiguration section */
		5D797BBB1D3F842800096B78 /* Debug */ = {
			isa = XCBuildConfiguration;
			buildSettings = {
				ALWAYS_SEARCH_USER_PATHS = NO;
				CLANG_ANALYZER_NONNULL = YES;
				CLANG_CXX_LANGUAGE_STANDARD = "gnu++0x";
				CLANG_CXX_LIBRARY = "libc++";
				CLANG_ENABLE_MODULES = YES;
				CLANG_ENABLE_OBJC_ARC = YES;
				CLANG_WARN_BOOL_CONVERSION = YES;
				CLANG_WARN_CONSTANT_CONVERSION = YES;
				CLANG_WARN_DIRECT_OBJC_ISA_USAGE = YES_ERROR;
				CLANG_WARN_EMPTY_BODY = YES;
				CLANG_WARN_ENUM_CONVERSION = YES;
				CLANG_WARN_INT_CONVERSION = YES;
				CLANG_WARN_OBJC_ROOT_CLASS = YES_ERROR;
				CLANG_WARN_UNREACHABLE_CODE = YES;
				CLANG_WARN__DUPLICATE_METHOD_MATCH = YES;
				CODE_SIGN_IDENTITY = "-";
				COPY_PHASE_STRIP = NO;
				DEBUG_INFORMATION_FORMAT = dwarf;
				ENABLE_STRICT_OBJC_MSGSEND = YES;
				ENABLE_TESTABILITY = YES;
				GCC_C_LANGUAGE_STANDARD = gnu99;
				GCC_DYNAMIC_NO_PIC = NO;
				GCC_NO_COMMON_BLOCKS = YES;
				GCC_OPTIMIZATION_LEVEL = 0;
				GCC_PREPROCESSOR_DEFINITIONS = (
					"DEBUG=1",
					"$(inherited)",
				);
				GCC_WARN_64_TO_32_BIT_CONVERSION = YES;
				GCC_WARN_ABOUT_RETURN_TYPE = YES_ERROR;
				GCC_WARN_UNDECLARED_SELECTOR = YES;
				GCC_WARN_UNINITIALIZED_AUTOS = YES_AGGRESSIVE;
				GCC_WARN_UNUSED_FUNCTION = YES;
				GCC_WARN_UNUSED_VARIABLE = YES;
				MACOSX_DEPLOYMENT_TARGET = 10.11;
				MTL_ENABLE_DEBUG_INFO = YES;
				ONLY_ACTIVE_ARCH = YES;
				SDKROOT = macosx;
				SWIFT_OPTIMIZATION_LEVEL = "-Onone";
			};
			name = Debug;
		};
		5D797BBC1D3F842800096B78 /* Release */ = {
			isa = XCBuildConfiguration;
			buildSettings = {
				ALWAYS_SEARCH_USER_PATHS = NO;
				CLANG_ANALYZER_NONNULL = YES;
				CLANG_CXX_LANGUAGE_STANDARD = "gnu++0x";
				CLANG_CXX_LIBRARY = "libc++";
				CLANG_ENABLE_MODULES = YES;
				CLANG_ENABLE_OBJC_ARC = YES;
				CLANG_WARN_BOOL_CONVERSION = YES;
				CLANG_WARN_CONSTANT_CONVERSION = YES;
				CLANG_WARN_DIRECT_OBJC_ISA_USAGE = YES_ERROR;
				CLANG_WARN_EMPTY_BODY = YES;
				CLANG_WARN_ENUM_CONVERSION = YES;
				CLANG_WARN_INT_CONVERSION = YES;
				CLANG_WARN_OBJC_ROOT_CLASS = YES_ERROR;
				CLANG_WARN_UNREACHABLE_CODE = YES;
				CLANG_WARN__DUPLICATE_METHOD_MATCH = YES;
				CODE_SIGN_IDENTITY = "-";
				COPY_PHASE_STRIP = NO;
				DEBUG_INFORMATION_FORMAT = "dwarf-with-dsym";
				ENABLE_NS_ASSERTIONS = NO;
				ENABLE_STRICT_OBJC_MSGSEND = YES;
				GCC_C_LANGUAGE_STANDARD = gnu99;
				GCC_NO_COMMON_BLOCKS = YES;
				GCC_WARN_64_TO_32_BIT_CONVERSION = YES;
				GCC_WARN_ABOUT_RETURN_TYPE = YES_ERROR;
				GCC_WARN_UNDECLARED_SELECTOR = YES;
				GCC_WARN_UNINITIALIZED_AUTOS = YES_AGGRESSIVE;
				GCC_WARN_UNUSED_FUNCTION = YES;
				GCC_WARN_UNUSED_VARIABLE = YES;
				MACOSX_DEPLOYMENT_TARGET = 10.11;
				MTL_ENABLE_DEBUG_INFO = NO;
				SDKROOT = macosx;
			};
			name = Release;
		};
		5D797BBE1D3F842800096B78 /* Debug */ = {
			isa = XCBuildConfiguration;
			buildSettings = {
				ASSETCATALOG_COMPILER_APPICON_NAME = AppIcon;
				COMBINE_HIDPI_IMAGES = YES;
				INFOPLIST_FILE = MenuStorage/Info.plist;
				LD_RUNPATH_SEARCH_PATHS = "$(inherited) @executable_path/../Frameworks";
				PRODUCT_BUNDLE_IDENTIFIER = com.joelmale.MenuStorage;
				PRODUCT_NAME = "$(TARGET_NAME)";
			};
			name = Debug;
		};
		5D797BBF1D3F842800096B78 /* Release */ = {
			isa = XCBuildConfiguration;
			buildSettings = {
				ASSETCATALOG_COMPILER_APPICON_NAME = AppIcon;
				COMBINE_HIDPI_IMAGES = YES;
				INFOPLIST_FILE = MenuStorage/Info.plist;
				LD_RUNPATH_SEARCH_PATHS = "$(inherited) @executable_path/../Frameworks";
				PRODUCT_BUNDLE_IDENTIFIER = com.joelmale.MenuStorage;
				PRODUCT_NAME = "$(TARGET_NAME)";
			};
			name = Release;
		};
/* End XCBuildConfiguration section */

/* Begin XCConfigurationList section */
		5D797BAB1D3F842800096B78 /* Build configuration list for PBXProject "MenuStorage" */ = {
			isa = XCConfigurationList;
			buildConfigurations = (
				5D797BBB1D3F842800096B78 /* Debug */,
				5D797BBC1D3F842800096B78 /* Release */,
			);
			defaultConfigurationIsVisible = 0;
			defaultConfigurationName = Release;
		};
		5D797BBD1D3F842800096B78 /* Build configuration list for PBXNativeTarget "MenuStorage" */ = {
			isa = XCConfigurationList;
			buildConfigurations = (
				5D797BBE1D3F842800096B78 /* Debug */,
				5D797BBF1D3F842800096B78 /* Release */,
			);
			defaultConfigurationIsVisible = 0;
			defaultConfigurationName = Release;
		};
/* End XCConfigurationList section */
	};
	rootObject = 5D797BA81D3F842800096B78 /* Project object */;
}
